
Microsoft Visual Studio Solution File, Format Version 12.00
# Visual Studio Version 17
VisualStudioVersion = 17.1.32210.238
MinimumVisualStudioVersion = 10.0.40219.1
Project("{FAE04EC0-301F-11D3-BF4B-00C04F79EFBC}") = "Hangman", "Hangman\Hangman.csproj", "{44DA863B-A5F3-439A-A87D-2A3FE82A8D5A}"
EndProject
Global
	GlobalSection(SolutionConfigurationPlatforms) = preSolution
		Debug|Any CPU = Debug|Any CPU
		Release|Any CPU = Release|Any CPU
	EndGlobalSection
	GlobalSection(ProjectConfigurationPlatforms) = postSolution
		{44DA863B-A5F3-439A-A87D-2A3FE82A8D5A}.Debug|Any CPU.ActiveCfg = Debug|Any CPU
		{44DA863B-A5F3-439A-A87D-2A3FE82A8D5A}.Debug|Any CPU.Build.0 = Debug|Any CPU
		{44DA863B-A5F3-439A-A87D-2A3FE82A8D5A}.Release|Any CPU.ActiveCfg = Release|Any CPU
		{44DA863B-A5F3-439A-A87D-2A3FE82A8D5A}.Release|Any CPU.Build.0 = Release|Any CPU
	EndGlobalSection
	GlobalSection(SolutionProperties) = preSolution
		HideSolutionNode = FALSE
	EndGlobalSection
	GlobalSection(ExtensibilityGlobals) = postSolution
		SolutionGuid = {807C10E7-C115-4E89-8D47-DE0B43DCB72F}
	EndGlobalSection
EndGlobal
